
Microsoft Visual Studio Solution File, Format Version 12.00
# Visual Studio Version 17
VisualStudioVersion = 17.9.34728.123
MinimumVisualStudioVersion = 10.0.40219.1
Project("{9A19103F-16F7-4668-BE54-9A1E7A4F7556}") = "FluffyPaw_Domain", "FluffyPaw_Domain\FluffyPaw_Domain.csproj", "{601124D6-4A72-48F0-82EF-50230C38402B}"
EndProject
Project("{9A19103F-16F7-4668-BE54-9A1E7A4F7556}") = "FluffyPaw_Infrastructure", "FluffyPaw_Infrastructure\FluffyPaw_Infrastructure.csproj", "{6F2C0332-9DB3-46B6-902A-0B5CEE54FD7C}"
EndProject
Project("{9A19103F-16F7-4668-BE54-9A1E7A4F7556}") = "FluffyPaw_Application", "FluffyPaw_Application\FluffyPaw_Application.csproj", "{430571F1-41C7-452F-B469-FA6E56174EEF}"
EndProject
Project("{9A19103F-16F7-4668-BE54-9A1E7A4F7556}") = "FluffyPaw_API", "FluffyPaw_API\FluffyPaw_API.csproj", "{CA99B2EF-9625-4F4A-86AB-45B75CC78E70}"
EndProject
Global
	GlobalSection(SolutionConfigurationPlatforms) = preSolution
		Debug|Any CPU = Debug|Any CPU
		Release|Any CPU = Release|Any CPU
	EndGlobalSection
	GlobalSection(ProjectConfigurationPlatforms) = postSolution
		{601124D6-4A72-48F0-82EF-50230C38402B}.Debug|Any CPU.ActiveCfg = Debug|Any CPU
		{601124D6-4A72-48F0-82EF-50230C38402B}.Debug|Any CPU.Build.0 = Debug|Any CPU
		{601124D6-4A72-48F0-82EF-50230C38402B}.Release|Any CPU.ActiveCfg = Release|Any CPU
		{601124D6-4A72-48F0-82EF-50230C38402B}.Release|Any CPU.Build.0 = Release|Any CPU
		{6F2C0332-9DB3-46B6-902A-0B5CEE54FD7C}.Debug|Any CPU.ActiveCfg = Debug|Any CPU
		{6F2C0332-9DB3-46B6-902A-0B5CEE54FD7C}.Debug|Any CPU.Build.0 = Debug|Any CPU
		{6F2C0332-9DB3-46B6-902A-0B5CEE54FD7C}.Release|Any CPU.ActiveCfg = Release|Any CPU
		{6F2C0332-9DB3-46B6-902A-0B5CEE54FD7C}.Release|Any CPU.Build.0 = Release|Any CPU
		{430571F1-41C7-452F-B469-FA6E56174EEF}.Debug|Any CPU.ActiveCfg = Debug|Any CPU
		{430571F1-41C7-452F-B469-FA6E56174EEF}.Debug|Any CPU.Build.0 = Debug|Any CPU
		{430571F1-41C7-452F-B469-FA6E56174EEF}.Release|Any CPU.ActiveCfg = Release|Any CPU
		{430571F1-41C7-452F-B469-FA6E56174EEF}.Release|Any CPU.Build.0 = Release|Any CPU
		{CA99B2EF-9625-4F4A-86AB-45B75CC78E70}.Debug|Any CPU.ActiveCfg = Debug|Any CPU
		{CA99B2EF-9625-4F4A-86AB-45B75CC78E70}.Debug|Any CPU.Build.0 = Debug|Any CPU
		{CA99B2EF-9625-4F4A-86AB-45B75CC78E70}.Release|Any CPU.ActiveCfg = Release|Any CPU
		{CA99B2EF-9625-4F4A-86AB-45B75CC78E70}.Release|Any CPU.Build.0 = Release|Any CPU
	EndGlobalSection
	GlobalSection(SolutionProperties) = preSolution
		HideSolutionNode = FALSE
	EndGlobalSection
	GlobalSection(ExtensibilityGlobals) = postSolution
		SolutionGuid = {1456BEE7-8073-47E3-8F2F-C484E144F1C2}
	EndGlobalSection
EndGlobal
